
Microsoft Visual Studio Solution File, Format Version 12.00
# Visual Studio Version 17
VisualStudioVersion = 17.6.33829.357
MinimumVisualStudioVersion = 10.0.40219.1
Project("{FAE04EC0-301F-11D3-BF4B-00C04F79EFBC}") = "LondonStockExchange", "LondonStockExchange.csproj", "{A7F6A70A-2C7F-4CF5-B04D-F4C4FDEE80DF}"
EndProject
Global
	GlobalSection(SolutionConfigurationPlatforms) = preSolution
		Debug|Any CPU = Debug|Any CPU
		Release|Any CPU = Release|Any CPU
	EndGlobalSection
	GlobalSection(ProjectConfigurationPlatforms) = postSolution
		{A7F6A70A-2C7F-4CF5-B04D-F4C4FDEE80DF}.Debug|Any CPU.ActiveCfg = Debug|Any CPU
		{A7F6A70A-2C7F-4CF5-B04D-F4C4FDEE80DF}.Debug|Any CPU.Build.0 = Debug|Any CPU
		{A7F6A70A-2C7F-4CF5-B04D-F4C4FDEE80DF}.Release|Any CPU.ActiveCfg = Release|Any CPU
		{A7F6A70A-2C7F-4CF5-B04D-F4C4FDEE80DF}.Release|Any CPU.Build.0 = Release|Any CPU
	EndGlobalSection
	GlobalSection(SolutionProperties) = preSolution
		HideSolutionNode = FALSE
	EndGlobalSection
	GlobalSection(ExtensibilityGlobals) = postSolution
		SolutionGuid = {4252444B-01A8-4C58-BD48-C914DDC06C2A}
	EndGlobalSection
EndGlobal
